
Microsoft Visual Studio Solution File, Format Version 10.00
# Visual C# Express 2008
Project("{FAE04EC0-301F-11D3-BF4B-00C04F79EFBC}") = "FibonacciApplnEuler2", "FibonacciApplnEuler2\FibonacciApplnEuler2.csproj", "{073F1FCB-19F0-42B2-8810-36A2DFD2D506}"
EndProject
Global
	GlobalSection(SolutionConfigurationPlatforms) = preSolution
		Debug|Any CPU = Debug|Any CPU
		Release|Any CPU = Release|Any CPU
	EndGlobalSection
	GlobalSection(ProjectConfigurationPlatforms) = postSolution
		{073F1FCB-19F0-42B2-8810-36A2DFD2D506}.Debug|Any CPU.ActiveCfg = Debug|Any CPU
		{073F1FCB-19F0-42B2-8810-36A2DFD2D506}.Debug|Any CPU.Build.0 = Debug|Any CPU
		{073F1FCB-19F0-42B2-8810-36A2DFD2D506}.Release|Any CPU.ActiveCfg = Release|Any CPU
		{073F1FCB-19F0-42B2-8810-36A2DFD2D506}.Release|Any CPU.Build.0 = Release|Any CPU
	EndGlobalSection
	GlobalSection(SolutionProperties) = preSolution
		HideSolutionNode = FALSE
	EndGlobalSection
EndGlobal
